
Microsoft Visual Studio Solution File, Format Version 12.00
# Visual Studio Version 17
VisualStudioVersion = 17.4.33403.182
MinimumVisualStudioVersion = 10.0.40219.1
Project("{9A19103F-16F7-4668-BE54-9A1E7A4F7556}") = "DataAccessApi", "DataAccessApi\DataAccessApi.csproj", "{DBF82E65-F43F-4FED-A27D-E35F8D43F33A}"
EndProject
Project("{FAE04EC0-301F-11D3-BF4B-00C04F79EFBC}") = "Database", "Database\Database.csproj", "{9173B4F7-5AEB-4E38-A922-63987EF99B69}"
EndProject
Global
	GlobalSection(SolutionConfigurationPlatforms) = preSolution
		Debug|Any CPU = Debug|Any CPU
		Release|Any CPU = Release|Any CPU
	EndGlobalSection
	GlobalSection(ProjectConfigurationPlatforms) = postSolution
		{DBF82E65-F43F-4FED-A27D-E35F8D43F33A}.Debug|Any CPU.ActiveCfg = Debug|Any CPU
		{DBF82E65-F43F-4FED-A27D-E35F8D43F33A}.Debug|Any CPU.Build.0 = Debug|Any CPU
		{DBF82E65-F43F-4FED-A27D-E35F8D43F33A}.Release|Any CPU.ActiveCfg = Release|Any CPU
		{DBF82E65-F43F-4FED-A27D-E35F8D43F33A}.Release|Any CPU.Build.0 = Release|Any CPU
		{9173B4F7-5AEB-4E38-A922-63987EF99B69}.Debug|Any CPU.ActiveCfg = Debug|Any CPU
		{9173B4F7-5AEB-4E38-A922-63987EF99B69}.Debug|Any CPU.Build.0 = Debug|Any CPU
		{9173B4F7-5AEB-4E38-A922-63987EF99B69}.Release|Any CPU.ActiveCfg = Release|Any CPU
		{9173B4F7-5AEB-4E38-A922-63987EF99B69}.Release|Any CPU.Build.0 = Release|Any CPU
	EndGlobalSection
	GlobalSection(SolutionProperties) = preSolution
		HideSolutionNode = FALSE
	EndGlobalSection
	GlobalSection(ExtensibilityGlobals) = postSolution
		SolutionGuid = {5C904FB6-456E-4EDF-854C-F4EC010F6B11}
	EndGlobalSection
EndGlobal
